// !$*UTF8*$!
{
	archiveVersion = 1;
	classes = {
	};
	objectVersion = 48;
	objects = {

/* Begin PBXBuildFile section */
		076D0E9620141289001B4DD6 /* AppDelegate.swift in Sources */ = {isa = PBXBuildFile; fileRef = 076D0E9520141289001B4DD6 /* AppDelegate.swift */; };
		076D0E9820141289001B4DD6 /* ViewController.swift in Sources */ = {isa = PBXBuildFile; fileRef = 076D0E9720141289001B4DD6 /* ViewController.swift */; };
		076D0E9B20141289001B4DD6 /* Main.storyboard in Resources */ = {isa = PBXBuildFile; fileRef = 076D0E9920141289001B4DD6 /* Main.storyboard */; };
		076D0E9D20141289001B4DD6 /* Assets.xcassets in Resources */ = {isa = PBXBuildFile; fileRef = 076D0E9C20141289001B4DD6 /* Assets.xcassets */; };
		076D0EA020141289001B4DD6 /* LaunchScreen.storyboard in Resources */ = {isa = PBXBuildFile; fileRef = 076D0E9E20141289001B4DD6 /* LaunchScreen.storyboard */; };
		076D0EAB20141289001B4DD6 /* accounts_iosTests.swift in Sources */ = {isa = PBXBuildFile; fileRef = 076D0EAA20141289001B4DD6 /* accounts_iosTests.swift */; };
		076D0EB620141289001B4DD6 /* accounts_iosUITests.swift in Sources */ = {isa = PBXBuildFile; fileRef = 076D0EB520141289001B4DD6 /* accounts_iosUITests.swift */; };
		076D0EBB20141289001B4DD6 /* accounts.ios WatchKit App.app in Embed Watch Content */ = {isa = PBXBuildFile; fileRef = 076D0EBA20141289001B4DD6 /* accounts.ios WatchKit App.app */; };
		076D0EC120141289001B4DD6 /* Interface.storyboard in Resources */ = {isa = PBXBuildFile; fileRef = 076D0EBF20141289001B4DD6 /* Interface.storyboard */; };
		076D0EC320141289001B4DD6 /* Assets.xcassets in Resources */ = {isa = PBXBuildFile; fileRef = 076D0EC220141289001B4DD6 /* Assets.xcassets */; };
		076D0ECA20141289001B4DD6 /* accounts.ios WatchKit Extension.appex in Embed App Extensions */ = {isa = PBXBuildFile; fileRef = 076D0EC920141289001B4DD6 /* accounts.ios WatchKit Extension.appex */; settings = {ATTRIBUTES = (RemoveHeadersOnCopy, ); }; };
		076D0ECF20141289001B4DD6 /* InterfaceController.swift in Sources */ = {isa = PBXBuildFile; fileRef = 076D0ECE20141289001B4DD6 /* InterfaceController.swift */; };
		076D0ED120141289001B4DD6 /* ExtensionDelegate.swift in Sources */ = {isa = PBXBuildFile; fileRef = 076D0ED020141289001B4DD6 /* ExtensionDelegate.swift */; };
		076D0ED320141289001B4DD6 /* NotificationController.swift in Sources */ = {isa = PBXBuildFile; fileRef = 076D0ED220141289001B4DD6 /* NotificationController.swift */; };
		076D0ED520141289001B4DD6 /* Assets.xcassets in Resources */ = {isa = PBXBuildFile; fileRef = 076D0ED420141289001B4DD6 /* Assets.xcassets */; };
		079CF0782014197200B61E69 /* NotificationCenter.framework in Frameworks */ = {isa = PBXBuildFile; fileRef = 079CF0772014197200B61E69 /* NotificationCenter.framework */; };
		079CF07B2014197200B61E69 /* TodayViewController.swift in Sources */ = {isa = PBXBuildFile; fileRef = 079CF07A2014197200B61E69 /* TodayViewController.swift */; };
		079CF07E2014197200B61E69 /* MainInterface.storyboard in Resources */ = {isa = PBXBuildFile; fileRef = 079CF07C2014197200B61E69 /* MainInterface.storyboard */; };
		079CF0822014197200B61E69 /* accounts.ios.todayextension.appex in Embed App Extensions */ = {isa = PBXBuildFile; fileRef = 079CF0752014197200B61E69 /* accounts.ios.todayextension.appex */; settings = {ATTRIBUTES = (RemoveHeadersOnCopy, ); }; };
/* End PBXBuildFile section */

/* Begin PBXContainerItemProxy section */
		076D0EA720141289001B4DD6 /* PBXContainerItemProxy */ = {
			isa = PBXContainerItemProxy;
			containerPortal = 076D0E8A20141288001B4DD6 /* Project object */;
			proxyType = 1;
			remoteGlobalIDString = 076D0E9120141289001B4DD6;
			remoteInfo = accounts.ios;
		};
		076D0EB220141289001B4DD6 /* PBXContainerItemProxy */ = {
			isa = PBXContainerItemProxy;
			containerPortal = 076D0E8A20141288001B4DD6 /* Project object */;
			proxyType = 1;
			remoteGlobalIDString = 076D0E9120141289001B4DD6;
			remoteInfo = accounts.ios;
		};
		076D0EBC20141289001B4DD6 /* PBXContainerItemProxy */ = {
			isa = PBXContainerItemProxy;
			containerPortal = 076D0E8A20141288001B4DD6 /* Project object */;
			proxyType = 1;
			remoteGlobalIDString = 076D0EB920141289001B4DD6;
			remoteInfo = "accounts.ios WatchKit App";
		};
		076D0ECB20141289001B4DD6 /* PBXContainerItemProxy */ = {
			isa = PBXContainerItemProxy;
			containerPortal = 076D0E8A20141288001B4DD6 /* Project object */;
			proxyType = 1;
			remoteGlobalIDString = 076D0EC820141289001B4DD6;
			remoteInfo = "accounts.ios WatchKit Extension";
		};
		079CF0802014197200B61E69 /* PBXContainerItemProxy */ = {
			isa = PBXContainerItemProxy;
			containerPortal = 076D0E8A20141288001B4DD6 /* Project object */;
			proxyType = 1;
			remoteGlobalIDString = 079CF0742014197200B61E69;
			remoteInfo = accounts.ios.todayextension;
		};
/* End PBXContainerItemProxy section */

/* Begin PBXCopyFilesBuildPhase section */
		076D0EDD20141289001B4DD6 /* Embed App Extensions */ = {
			isa = PBXCopyFilesBuildPhase;
			buildActionMask = 2147483647;
			dstPath = "";
			dstSubfolderSpec = 13;
			files = (
				076D0ECA20141289001B4DD6 /* accounts.ios WatchKit Extension.appex in Embed App Extensions */,
			);
			name = "Embed App Extensions";
			runOnlyForDeploymentPostprocessing = 0;
		};
		076D0EE120141289001B4DD6 /* Embed Watch Content */ = {
			isa = PBXCopyFilesBuildPhase;
			buildActionMask = 2147483647;
			dstPath = "$(CONTENTS_FOLDER_PATH)/Watch";
			dstSubfolderSpec = 16;
			files = (
				076D0EBB20141289001B4DD6 /* accounts.ios WatchKit App.app in Embed Watch Content */,
			);
			name = "Embed Watch Content";
			runOnlyForDeploymentPostprocessing = 0;
		};
		079CF0862014197200B61E69 /* Embed App Extensions */ = {
			isa = PBXCopyFilesBuildPhase;
			buildActionMask = 2147483647;
			dstPath = "";
			dstSubfolderSpec = 13;
			files = (
				079CF0822014197200B61E69 /* accounts.ios.todayextension.appex in Embed App Extensions */,
			);
			name = "Embed App Extensions";
			runOnlyForDeploymentPostprocessing = 0;
		};
/* End PBXCopyFilesBuildPhase section */

/* Begin PBXFileReference section */
		076D0E9220141289001B4DD6 /* accounts.ios.app */ = {isa = PBXFileReference; explicitFileType = wrapper.application; includeInIndex = 0; path = accounts.ios.app; sourceTree = BUILT_PRODUCTS_DIR; };
		076D0E9520141289001B4DD6 /* AppDelegate.swift */ = {isa = PBXFileReference; lastKnownFileType = sourcecode.swift; path = AppDelegate.swift; sourceTree = "<group>"; };
		076D0E9720141289001B4DD6 /* ViewController.swift */ = {isa = PBXFileReference; lastKnownFileType = sourcecode.swift; path = ViewController.swift; sourceTree = "<group>"; };
		076D0E9A20141289001B4DD6 /* Base */ = {isa = PBXFileReference; lastKnownFileType = file.storyboard; name = Base; path = Base.lproj/Main.storyboard; sourceTree = "<group>"; };
		076D0E9C20141289001B4DD6 /* Assets.xcassets */ = {isa = PBXFileReference; lastKnownFileType = folder.assetcatalog; path = Assets.xcassets; sourceTree = "<group>"; };
		076D0E9F20141289001B4DD6 /* Base */ = {isa = PBXFileReference; lastKnownFileType = file.storyboard; name = Base; path = Base.lproj/LaunchScreen.storyboard; sourceTree = "<group>"; };
		076D0EA120141289001B4DD6 /* Info.plist */ = {isa = PBXFileReference; lastKnownFileType = text.plist.xml; path = Info.plist; sourceTree = "<group>"; };
		076D0EA620141289001B4DD6 /* accounts.iosTests.xctest */ = {isa = PBXFileReference; explicitFileType = wrapper.cfbundle; includeInIndex = 0; path = accounts.iosTests.xctest; sourceTree = BUILT_PRODUCTS_DIR; };
		076D0EAA20141289001B4DD6 /* accounts_iosTests.swift */ = {isa = PBXFileReference; lastKnownFileType = sourcecode.swift; path = accounts_iosTests.swift; sourceTree = "<group>"; };
		076D0EAC20141289001B4DD6 /* Info.plist */ = {isa = PBXFileReference; lastKnownFileType = text.plist.xml; path = Info.plist; sourceTree = "<group>"; };
		076D0EB120141289001B4DD6 /* accounts.iosUITests.xctest */ = {isa = PBXFileReference; explicitFileType = wrapper.cfbundle; includeInIndex = 0; path = accounts.iosUITests.xctest; sourceTree = BUILT_PRODUCTS_DIR; };
		076D0EB520141289001B4DD6 /* accounts_iosUITests.swift */ = {isa = PBXFileReference; lastKnownFileType = sourcecode.swift; path = accounts_iosUITests.swift; sourceTree = "<group>"; };
		076D0EB720141289001B4DD6 /* Info.plist */ = {isa = PBXFileReference; lastKnownFileType = text.plist.xml; path = Info.plist; sourceTree = "<group>"; };
		076D0EBA20141289001B4DD6 /* accounts.ios WatchKit App.app */ = {isa = PBXFileReference; explicitFileType = wrapper.application; includeInIndex = 0; path = "accounts.ios WatchKit App.app"; sourceTree = BUILT_PRODUCTS_DIR; };
		076D0EC020141289001B4DD6 /* Base */ = {isa = PBXFileReference; lastKnownFileType = file.storyboard; name = Base; path = Base.lproj/Interface.storyboard; sourceTree = "<group>"; };
		076D0EC220141289001B4DD6 /* Assets.xcassets */ = {isa = PBXFileReference; lastKnownFileType = folder.assetcatalog; path = Assets.xcassets; sourceTree = "<group>"; };
		076D0EC420141289001B4DD6 /* Info.plist */ = {isa = PBXFileReference; lastKnownFileType = text.plist.xml; path = Info.plist; sourceTree = "<group>"; };
		076D0EC920141289001B4DD6 /* accounts.ios WatchKit Extension.appex */ = {isa = PBXFileReference; explicitFileType = "wrapper.app-extension"; includeInIndex = 0; path = "accounts.ios WatchKit Extension.appex"; sourceTree = BUILT_PRODUCTS_DIR; };
		076D0ECE20141289001B4DD6 /* InterfaceController.swift */ = {isa = PBXFileReference; lastKnownFileType = sourcecode.swift; path = InterfaceController.swift; sourceTree = "<group>"; };
		076D0ED020141289001B4DD6 /* ExtensionDelegate.swift */ = {isa = PBXFileReference; lastKnownFileType = sourcecode.swift; path = ExtensionDelegate.swift; sourceTree = "<group>"; };
		076D0ED220141289001B4DD6 /* NotificationController.swift */ = {isa = PBXFileReference; lastKnownFileType = sourcecode.swift; path = NotificationController.swift; sourceTree = "<group>"; };
		076D0ED420141289001B4DD6 /* Assets.xcassets */ = {isa = PBXFileReference; lastKnownFileType = folder.assetcatalog; path = Assets.xcassets; sourceTree = "<group>"; };
		076D0ED620141289001B4DD6 /* Info.plist */ = {isa = PBXFileReference; lastKnownFileType = text.plist.xml; path = Info.plist; sourceTree = "<group>"; };
		076D0ED720141289001B4DD6 /* PushNotificationPayload.apns */ = {isa = PBXFileReference; lastKnownFileType = text; path = PushNotificationPayload.apns; sourceTree = "<group>"; };
		079CF0752014197200B61E69 /* accounts.ios.todayextension.appex */ = {isa = PBXFileReference; explicitFileType = "wrapper.app-extension"; includeInIndex = 0; path = accounts.ios.todayextension.appex; sourceTree = BUILT_PRODUCTS_DIR; };
		079CF0772014197200B61E69 /* NotificationCenter.framework */ = {isa = PBXFileReference; lastKnownFileType = wrapper.framework; name = NotificationCenter.framework; path = System/Library/Frameworks/NotificationCenter.framework; sourceTree = SDKROOT; };
		079CF07A2014197200B61E69 /* TodayViewController.swift */ = {isa = PBXFileReference; lastKnownFileType = sourcecode.swift; path = TodayViewController.swift; sourceTree = "<group>"; };
		079CF07D2014197200B61E69 /* Base */ = {isa = PBXFileReference; lastKnownFileType = file.storyboard; name = Base; path = Base.lproj/MainInterface.storyboard; sourceTree = "<group>"; };
		079CF07F2014197200B61E69 /* Info.plist */ = {isa = PBXFileReference; lastKnownFileType = text.plist.xml; path = Info.plist; sourceTree = "<group>"; };
/* End PBXFileReference section */

/* Begin PBXFrameworksBuildPhase section */
		076D0E8F20141289001B4DD6 /* Frameworks */ = {
			isa = PBXFrameworksBuildPhase;
			buildActionMask = 2147483647;
			files = (
			);
			runOnlyForDeploymentPostprocessing = 0;
		};
		076D0EA320141289001B4DD6 /* Frameworks */ = {
			isa = PBXFrameworksBuildPhase;
			buildActionMask = 2147483647;
			files = (
			);
			runOnlyForDeploymentPostprocessing = 0;
		};
		076D0EAE20141289001B4DD6 /* Frameworks */ = {
			isa = PBXFrameworksBuildPhase;
			buildActionMask = 2147483647;
			files = (
			);
			runOnlyForDeploymentPostprocessing = 0;
		};
		076D0EC620141289001B4DD6 /* Frameworks */ = {
			isa = PBXFrameworksBuildPhase;
			buildActionMask = 2147483647;
			files = (
			);
			runOnlyForDeploymentPostprocessing = 0;
		};
		079CF0722014197200B61E69 /* Frameworks */ = {
			isa = PBXFrameworksBuildPhase;
			buildActionMask = 2147483647;
			files = (
				079CF0782014197200B61E69 /* NotificationCenter.framework in Frameworks */,
			);
			runOnlyForDeploymentPostprocessing = 0;
		};
/* End PBXFrameworksBuildPhase section */

/* Begin PBXGroup section */
		076D0E8920141288001B4DD6 = {
			isa = PBXGroup;
			children = (
				076D0E9420141289001B4DD6 /* accounts.ios */,
				076D0EA920141289001B4DD6 /* accounts.iosTests */,
				076D0EB420141289001B4DD6 /* accounts.iosUITests */,
				076D0EBE20141289001B4DD6 /* accounts.ios WatchKit App */,
				076D0ECD20141289001B4DD6 /* accounts.ios WatchKit Extension */,
				079CF0792014197200B61E69 /* accounts.ios.todayextension */,
				079CF0762014197200B61E69 /* Frameworks */,
				076D0E9320141289001B4DD6 /* Products */,
			);
			sourceTree = "<group>";
		};
		076D0E9320141289001B4DD6 /* Products */ = {
			isa = PBXGroup;
			children = (
				076D0E9220141289001B4DD6 /* accounts.ios.app */,
				076D0EA620141289001B4DD6 /* accounts.iosTests.xctest */,
				076D0EB120141289001B4DD6 /* accounts.iosUITests.xctest */,
				076D0EBA20141289001B4DD6 /* accounts.ios WatchKit App.app */,
				076D0EC920141289001B4DD6 /* accounts.ios WatchKit Extension.appex */,
				079CF0752014197200B61E69 /* accounts.ios.todayextension.appex */,
			);
			name = Products;
			sourceTree = "<group>";
		};
		076D0E9420141289001B4DD6 /* accounts.ios */ = {
			isa = PBXGroup;
			children = (
				076D0E9520141289001B4DD6 /* AppDelegate.swift */,
				076D0E9720141289001B4DD6 /* ViewController.swift */,
				076D0E9920141289001B4DD6 /* Main.storyboard */,
				076D0E9C20141289001B4DD6 /* Assets.xcassets */,
				076D0E9E20141289001B4DD6 /* LaunchScreen.storyboard */,
				076D0EA120141289001B4DD6 /* Info.plist */,
			);
			path = accounts.ios;
			sourceTree = "<group>";
		};
		076D0EA920141289001B4DD6 /* accounts.iosTests */ = {
			isa = PBXGroup;
			children = (
				076D0EAA20141289001B4DD6 /* accounts_iosTests.swift */,
				076D0EAC20141289001B4DD6 /* Info.plist */,
			);
			path = accounts.iosTests;
			sourceTree = "<group>";
		};
		076D0EB420141289001B4DD6 /* accounts.iosUITests */ = {
			isa = PBXGroup;
			children = (
				076D0EB520141289001B4DD6 /* accounts_iosUITests.swift */,
				076D0EB720141289001B4DD6 /* Info.plist */,
			);
			path = accounts.iosUITests;
			sourceTree = "<group>";
		};
		076D0EBE20141289001B4DD6 /* accounts.ios WatchKit App */ = {
			isa = PBXGroup;
			children = (
				076D0EBF20141289001B4DD6 /* Interface.storyboard */,
				076D0EC220141289001B4DD6 /* Assets.xcassets */,
				076D0EC420141289001B4DD6 /* Info.plist */,
			);
			path = "accounts.ios WatchKit App";
			sourceTree = "<group>";
		};
		076D0ECD20141289001B4DD6 /* accounts.ios WatchKit Extension */ = {
			isa = PBXGroup;
			children = (
				076D0ECE20141289001B4DD6 /* InterfaceController.swift */,
				076D0ED020141289001B4DD6 /* ExtensionDelegate.swift */,
				076D0ED220141289001B4DD6 /* NotificationController.swift */,
				076D0ED420141289001B4DD6 /* Assets.xcassets */,
				076D0ED620141289001B4DD6 /* Info.plist */,
				076D0ED720141289001B4DD6 /* PushNotificationPayload.apns */,
			);
			path = "accounts.ios WatchKit Extension";
			sourceTree = "<group>";
		};
		079CF0762014197200B61E69 /* Frameworks */ = {
			isa = PBXGroup;
			children = (
				079CF0772014197200B61E69 /* NotificationCenter.framework */,
			);
			name = Frameworks;
			sourceTree = "<group>";
		};
		079CF0792014197200B61E69 /* accounts.ios.todayextension */ = {
			isa = PBXGroup;
			children = (
				079CF07A2014197200B61E69 /* TodayViewController.swift */,
				079CF07C2014197200B61E69 /* MainInterface.storyboard */,
				079CF07F2014197200B61E69 /* Info.plist */,
			);
			path = accounts.ios.todayextension;
			sourceTree = "<group>";
		};
/* End PBXGroup section */

/* Begin PBXNativeTarget section */
		076D0E9120141289001B4DD6 /* accounts.ios */ = {
			isa = PBXNativeTarget;
			buildConfigurationList = 076D0EE220141289001B4DD6 /* Build configuration list for PBXNativeTarget "accounts.ios" */;
			buildPhases = (
				076D0E8E20141289001B4DD6 /* Sources */,
				076D0E8F20141289001B4DD6 /* Frameworks */,
				076D0E9020141289001B4DD6 /* Resources */,
				076D0EE120141289001B4DD6 /* Embed Watch Content */,
				079CF0862014197200B61E69 /* Embed App Extensions */,
			);
			buildRules = (
			);
			dependencies = (
				076D0EBD20141289001B4DD6 /* PBXTargetDependency */,
				079CF0812014197200B61E69 /* PBXTargetDependency */,
			);
			name = accounts.ios;
			productName = accounts.ios;
			productReference = 076D0E9220141289001B4DD6 /* accounts.ios.app */;
			productType = "com.apple.product-type.application";
		};
		076D0EA520141289001B4DD6 /* accounts.iosTests */ = {
			isa = PBXNativeTarget;
			buildConfigurationList = 076D0EE520141289001B4DD6 /* Build configuration list for PBXNativeTarget "accounts.iosTests" */;
			buildPhases = (
				076D0EA220141289001B4DD6 /* Sources */,
				076D0EA320141289001B4DD6 /* Frameworks */,
				076D0EA420141289001B4DD6 /* Resources */,
			);
			buildRules = (
			);
			dependencies = (
				076D0EA820141289001B4DD6 /* PBXTargetDependency */,
			);
			name = accounts.iosTests;
			productName = accounts.iosTests;
			productReference = 076D0EA620141289001B4DD6 /* accounts.iosTests.xctest */;
			productType = "com.apple.product-type.bundle.unit-test";
		};
		076D0EB020141289001B4DD6 /* accounts.iosUITests */ = {
			isa = PBXNativeTarget;
			buildConfigurationList = 076D0EE820141289001B4DD6 /* Build configuration list for PBXNativeTarget "accounts.iosUITests" */;
			buildPhases = (
				076D0EAD20141289001B4DD6 /* Sources */,
				076D0EAE20141289001B4DD6 /* Frameworks */,
				076D0EAF20141289001B4DD6 /* Resources */,
			);
			buildRules = (
			);
			dependencies = (
				076D0EB320141289001B4DD6 /* PBXTargetDependency */,
			);
			name = accounts.iosUITests;
			productName = accounts.iosUITests;
			productReference = 076D0EB120141289001B4DD6 /* accounts.iosUITests.xctest */;
			productType = "com.apple.product-type.bundle.ui-testing";
		};
		076D0EB920141289001B4DD6 /* accounts.ios WatchKit App */ = {
			isa = PBXNativeTarget;
			buildConfigurationList = 076D0EDE20141289001B4DD6 /* Build configuration list for PBXNativeTarget "accounts.ios WatchKit App" */;
			buildPhases = (
				076D0EB820141289001B4DD6 /* Resources */,
				076D0EDD20141289001B4DD6 /* Embed App Extensions */,
			);
			buildRules = (
			);
			dependencies = (
				076D0ECC20141289001B4DD6 /* PBXTargetDependency */,
			);
			name = "accounts.ios WatchKit App";
			productName = "accounts.ios WatchKit App";
			productReference = 076D0EBA20141289001B4DD6 /* accounts.ios WatchKit App.app */;
			productType = "com.apple.product-type.application.watchapp2";
		};
		076D0EC820141289001B4DD6 /* accounts.ios WatchKit Extension */ = {
			isa = PBXNativeTarget;
			buildConfigurationList = 076D0EDA20141289001B4DD6 /* Build configuration list for PBXNativeTarget "accounts.ios WatchKit Extension" */;
			buildPhases = (
				076D0EC520141289001B4DD6 /* Sources */,
				076D0EC620141289001B4DD6 /* Frameworks */,
				076D0EC720141289001B4DD6 /* Resources */,
			);
			buildRules = (
			);
			dependencies = (
			);
			name = "accounts.ios WatchKit Extension";
			productName = "accounts.ios WatchKit Extension";
			productReference = 076D0EC920141289001B4DD6 /* accounts.ios WatchKit Extension.appex */;
			productType = "com.apple.product-type.watchkit2-extension";
		};
		079CF0742014197200B61E69 /* accounts.ios.todayextension */ = {
			isa = PBXNativeTarget;
			buildConfigurationList = 079CF0852014197200B61E69 /* Build configuration list for PBXNativeTarget "accounts.ios.todayextension" */;
			buildPhases = (
				079CF0712014197200B61E69 /* Sources */,
				079CF0722014197200B61E69 /* Frameworks */,
				079CF0732014197200B61E69 /* Resources */,
			);
			buildRules = (
			);
			dependencies = (
			);
			name = accounts.ios.todayextension;
			productName = accounts.ios.todayextension;
			productReference = 079CF0752014197200B61E69 /* accounts.ios.todayextension.appex */;
			productType = "com.apple.product-type.app-extension";
		};
/* End PBXNativeTarget section */

/* Begin PBXProject section */
		076D0E8A20141288001B4DD6 /* Project object */ = {
			isa = PBXProject;
			attributes = {
				LastSwiftUpdateCheck = 0920;
				LastUpgradeCheck = 0920;
				ORGANIZATIONNAME = "Rocky Desk Creations";
				TargetAttributes = {
					076D0E9120141289001B4DD6 = {
						CreatedOnToolsVersion = 9.2;
						ProvisioningStyle = Automatic;
					};
					076D0EA520141289001B4DD6 = {
						CreatedOnToolsVersion = 9.2;
						ProvisioningStyle = Automatic;
						TestTargetID = 076D0E9120141289001B4DD6;
					};
					076D0EB020141289001B4DD6 = {
						CreatedOnToolsVersion = 9.2;
						ProvisioningStyle = Automatic;
						TestTargetID = 076D0E9120141289001B4DD6;
					};
					076D0EB920141289001B4DD6 = {
						CreatedOnToolsVersion = 9.2;
						ProvisioningStyle = Automatic;
					};
					076D0EC820141289001B4DD6 = {
						CreatedOnToolsVersion = 9.2;
						ProvisioningStyle = Automatic;
					};
					079CF0742014197200B61E69 = {
						CreatedOnToolsVersion = 9.2;
						ProvisioningStyle = Automatic;
					};
				};
			};
			buildConfigurationList = 076D0E8D20141288001B4DD6 /* Build configuration list for PBXProject "accounts.ios" */;
			compatibilityVersion = "Xcode 8.0";
			developmentRegion = en;
			hasScannedForEncodings = 0;
			knownRegions = (
				en,
				Base,
			);
			mainGroup = 076D0E8920141288001B4DD6;
			productRefGroup = 076D0E9320141289001B4DD6 /* Products */;
			projectDirPath = "";
			projectRoot = "";
			targets = (
				076D0E9120141289001B4DD6 /* accounts.ios */,
				076D0EA520141289001B4DD6 /* accounts.iosTests */,
				076D0EB020141289001B4DD6 /* accounts.iosUITests */,
				076D0EB920141289001B4DD6 /* accounts.ios WatchKit App */,
				076D0EC820141289001B4DD6 /* accounts.ios WatchKit Extension */,
				079CF0742014197200B61E69 /* accounts.ios.todayextension */,
			);
		};
/* End PBXProject section */

/* Begin PBXResourcesBuildPhase section */
		076D0E9020141289001B4DD6 /* Resources */ = {
			isa = PBXResourcesBuildPhase;
			buildActionMask = 2147483647;
			files = (
				076D0EA020141289001B4DD6 /* LaunchScreen.storyboard in Resources */,
				076D0E9D20141289001B4DD6 /* Assets.xcassets in Resources */,
				076D0E9B20141289001B4DD6 /* Main.storyboard in Resources */,
			);
			runOnlyForDeploymentPostprocessing = 0;
		};
		076D0EA420141289001B4DD6 /* Resources */ = {
			isa = PBXResourcesBuildPhase;
			buildActionMask = 2147483647;
			files = (
			);
			runOnlyForDeploymentPostprocessing = 0;
		};
		076D0EAF20141289001B4DD6 /* Resources */ = {
			isa = PBXResourcesBuildPhase;
			buildActionMask = 2147483647;
			files = (
			);
			runOnlyForDeploymentPostprocessing = 0;
		};
		076D0EB820141289001B4DD6 /* Resources */ = {
			isa = PBXResourcesBuildPhase;
			buildActionMask = 2147483647;
			files = (
				076D0EC320141289001B4DD6 /* Assets.xcassets in Resources */,
				076D0EC120141289001B4DD6 /* Interface.storyboard in Resources */,
			);
			runOnlyForDeploymentPostprocessing = 0;
		};
		076D0EC720141289001B4DD6 /* Resources */ = {
			isa = PBXResourcesBuildPhase;
			buildActionMask = 2147483647;
			files = (
				076D0ED520141289001B4DD6 /* Assets.xcassets in Resources */,
			);
			runOnlyForDeploymentPostprocessing = 0;
		};
		079CF0732014197200B61E69 /* Resources */ = {
			isa = PBXResourcesBuildPhase;
			buildActionMask = 2147483647;
			files = (
				079CF07E2014197200B61E69 /* MainInterface.storyboard in Resources */,
			);
			runOnlyForDeploymentPostprocessing = 0;
		};
/* End PBXResourcesBuildPhase section */

/* Begin PBXSourcesBuildPhase section */
		076D0E8E20141289001B4DD6 /* Sources */ = {
			isa = PBXSourcesBuildPhase;
			buildActionMask = 2147483647;
			files = (
				076D0E9820141289001B4DD6 /* ViewController.swift in Sources */,
				076D0E9620141289001B4DD6 /* AppDelegate.swift in Sources */,
			);
			runOnlyForDeploymentPostprocessing = 0;
		};
		076D0EA220141289001B4DD6 /* Sources */ = {
			isa = PBXSourcesBuildPhase;
			buildActionMask = 2147483647;
			files = (
				076D0EAB20141289001B4DD6 /* accounts_iosTests.swift in Sources */,
			);
			runOnlyForDeploymentPostprocessing = 0;
		};
		076D0EAD20141289001B4DD6 /* Sources */ = {
			isa = PBXSourcesBuildPhase;
			buildActionMask = 2147483647;
			files = (
				076D0EB620141289001B4DD6 /* accounts_iosUITests.swift in Sources */,
			);
			runOnlyForDeploymentPostprocessing = 0;
		};
		076D0EC520141289001B4DD6 /* Sources */ = {
			isa = PBXSourcesBuildPhase;
			buildActionMask = 2147483647;
			files = (
				076D0ED320141289001B4DD6 /* NotificationController.swift in Sources */,
				076D0ED120141289001B4DD6 /* ExtensionDelegate.swift in Sources */,
				076D0ECF20141289001B4DD6 /* InterfaceController.swift in Sources */,
			);
			runOnlyForDeploymentPostprocessing = 0;
		};
		079CF0712014197200B61E69 /* Sources */ = {
			isa = PBXSourcesBuildPhase;
			buildActionMask = 2147483647;
			files = (
				079CF07B2014197200B61E69 /* TodayViewController.swift in Sources */,
			);
			runOnlyForDeploymentPostprocessing = 0;
		};
/* End PBXSourcesBuildPhase section */

/* Begin PBXTargetDependency section */
		076D0EA820141289001B4DD6 /* PBXTargetDependency */ = {
			isa = PBXTargetDependency;
			target = 076D0E9120141289001B4DD6 /* accounts.ios */;
			targetProxy = 076D0EA720141289001B4DD6 /* PBXContainerItemProxy */;
		};
		076D0EB320141289001B4DD6 /* PBXTargetDependency */ = {
			isa = PBXTargetDependency;
			target = 076D0E9120141289001B4DD6 /* accounts.ios */;
			targetProxy = 076D0EB220141289001B4DD6 /* PBXContainerItemProxy */;
		};
		076D0EBD20141289001B4DD6 /* PBXTargetDependency */ = {
			isa = PBXTargetDependency;
			target = 076D0EB920141289001B4DD6 /* accounts.ios WatchKit App */;
			targetProxy = 076D0EBC20141289001B4DD6 /* PBXContainerItemProxy */;
		};
		076D0ECC20141289001B4DD6 /* PBXTargetDependency */ = {
			isa = PBXTargetDependency;
			target = 076D0EC820141289001B4DD6 /* accounts.ios WatchKit Extension */;
			targetProxy = 076D0ECB20141289001B4DD6 /* PBXContainerItemProxy */;
		};
		079CF0812014197200B61E69 /* PBXTargetDependency */ = {
			isa = PBXTargetDependency;
			target = 079CF0742014197200B61E69 /* accounts.ios.todayextension */;
			targetProxy = 079CF0802014197200B61E69 /* PBXContainerItemProxy */;
		};
/* End PBXTargetDependency section */

/* Begin PBXVariantGroup section */
		076D0E9920141289001B4DD6 /* Main.storyboard */ = {
			isa = PBXVariantGroup;
			children = (
				076D0E9A20141289001B4DD6 /* Base */,
			);
			name = Main.storyboard;
			sourceTree = "<group>";
		};
		076D0E9E20141289001B4DD6 /* LaunchScreen.storyboard */ = {
			isa = PBXVariantGroup;
			children = (
				076D0E9F20141289001B4DD6 /* Base */,
			);
			name = LaunchScreen.storyboard;
			sourceTree = "<group>";
		};
		076D0EBF20141289001B4DD6 /* Interface.storyboard */ = {
			isa = PBXVariantGroup;
			children = (
				076D0EC020141289001B4DD6 /* Base */,
			);
			name = Interface.storyboard;
			sourceTree = "<group>";
		};
		079CF07C2014197200B61E69 /* MainInterface.storyboard */ = {
			isa = PBXVariantGroup;
			children = (
				079CF07D2014197200B61E69 /* Base */,
			);
			name = MainInterface.storyboard;
			sourceTree = "<group>";
		};
/* End PBXVariantGroup section */

/* Begin XCBuildConfiguration section */
		076D0ED820141289001B4DD6 /* Debug */ = {
			isa = XCBuildConfiguration;
			buildSettings = {
				ALWAYS_SEARCH_USER_PATHS = NO;
				CLANG_ANALYZER_NONNULL = YES;
				CLANG_ANALYZER_NUMBER_OBJECT_CONVERSION = YES_AGGRESSIVE;
				CLANG_CXX_LANGUAGE_STANDARD = "gnu++14";
				CLANG_CXX_LIBRARY = "libc++";
				CLANG_ENABLE_MODULES = YES;
				CLANG_ENABLE_OBJC_ARC = YES;
				CLANG_WARN_BLOCK_CAPTURE_AUTORELEASING = YES;
				CLANG_WARN_BOOL_CONVERSION = YES;
				CLANG_WARN_COMMA = YES;
				CLANG_WARN_CONSTANT_CONVERSION = YES;
				CLANG_WARN_DIRECT_OBJC_ISA_USAGE = YES_ERROR;
				CLANG_WARN_DOCUMENTATION_COMMENTS = YES;
				CLANG_WARN_EMPTY_BODY = YES;
				CLANG_WARN_ENUM_CONVERSION = YES;
				CLANG_WARN_INFINITE_RECURSION = YES;
				CLANG_WARN_INT_CONVERSION = YES;
				CLANG_WARN_NON_LITERAL_NULL_CONVERSION = YES;
				CLANG_WARN_OBJC_LITERAL_CONVERSION = YES;
				CLANG_WARN_OBJC_ROOT_CLASS = YES_ERROR;
				CLANG_WARN_RANGE_LOOP_ANALYSIS = YES;
				CLANG_WARN_STRICT_PROTOTYPES = YES;
				CLANG_WARN_SUSPICIOUS_MOVE = YES;
				CLANG_WARN_UNGUARDED_AVAILABILITY = YES_AGGRESSIVE;
				CLANG_WARN_UNREACHABLE_CODE = YES;
				CLANG_WARN__DUPLICATE_METHOD_MATCH = YES;
				CODE_SIGN_IDENTITY = "iPhone Developer";
				COPY_PHASE_STRIP = NO;
				DEBUG_INFORMATION_FORMAT = dwarf;
				ENABLE_STRICT_OBJC_MSGSEND = YES;
				ENABLE_TESTABILITY = YES;
				GCC_C_LANGUAGE_STANDARD = gnu11;
				GCC_DYNAMIC_NO_PIC = NO;
				GCC_NO_COMMON_BLOCKS = YES;
				GCC_OPTIMIZATION_LEVEL = 0;
				GCC_PREPROCESSOR_DEFINITIONS = (
					"DEBUG=1",
					"$(inherited)",
				);
				GCC_WARN_64_TO_32_BIT_CONVERSION = YES;
				GCC_WARN_ABOUT_RETURN_TYPE = YES_ERROR;
				GCC_WARN_UNDECLARED_SELECTOR = YES;
				GCC_WARN_UNINITIALIZED_AUTOS = YES_AGGRESSIVE;
				GCC_WARN_UNUSED_FUNCTION = YES;
				GCC_WARN_UNUSED_VARIABLE = YES;
				IPHONEOS_DEPLOYMENT_TARGET = 11.2;
				MTL_ENABLE_DEBUG_INFO = YES;
				ONLY_ACTIVE_ARCH = YES;
				SDKROOT = iphoneos;
				SWIFT_ACTIVE_COMPILATION_CONDITIONS = DEBUG;
				SWIFT_OPTIMIZATION_LEVEL = "-Onone";
			};
			name = Debug;
		};
		076D0ED920141289001B4DD6 /* Release */ = {
			isa = XCBuildConfiguration;
			buildSettings = {
				ALWAYS_SEARCH_USER_PATHS = NO;
				CLANG_ANALYZER_NONNULL = YES;
				CLANG_ANALYZER_NUMBER_OBJECT_CONVERSION = YES_AGGRESSIVE;
				CLANG_CXX_LANGUAGE_STANDARD = "gnu++14";
				CLANG_CXX_LIBRARY = "libc++";
				CLANG_ENABLE_MODULES = YES;
				CLANG_ENABLE_OBJC_ARC = YES;
				CLANG_WARN_BLOCK_CAPTURE_AUTORELEASING = YES;
				CLANG_WARN_BOOL_CONVERSION = YES;
				CLANG_WARN_COMMA = YES;
				CLANG_WARN_CONSTANT_CONVERSION = YES;
				CLANG_WARN_DIRECT_OBJC_ISA_USAGE = YES_ERROR;
				CLANG_WARN_DOCUMENTATION_COMMENTS = YES;
				CLANG_WARN_EMPTY_BODY = YES;
				CLANG_WARN_ENUM_CONVERSION = YES;
				CLANG_WARN_INFINITE_RECURSION = YES;
				CLANG_WARN_INT_CONVERSION = YES;
				CLANG_WARN_NON_LITERAL_NULL_CONVERSION = YES;
				CLANG_WARN_OBJC_LITERAL_CONVERSION = YES;
				CLANG_WARN_OBJC_ROOT_CLASS = YES_ERROR;
				CLANG_WARN_RANGE_LOOP_ANALYSIS = YES;
				CLANG_WARN_STRICT_PROTOTYPES = YES;
				CLANG_WARN_SUSPICIOUS_MOVE = YES;
				CLANG_WARN_UNGUARDED_AVAILABILITY = YES_AGGRESSIVE;
				CLANG_WARN_UNREACHABLE_CODE = YES;
				CLANG_WARN__DUPLICATE_METHOD_MATCH = YES;
				CODE_SIGN_IDENTITY = "iPhone Developer";
				COPY_PHASE_STRIP = NO;
				DEBUG_INFORMATION_FORMAT = "dwarf-with-dsym";
				ENABLE_NS_ASSERTIONS = NO;
				ENABLE_STRICT_OBJC_MSGSEND = YES;
				GCC_C_LANGUAGE_STANDARD = gnu11;
				GCC_NO_COMMON_BLOCKS = YES;
				GCC_WARN_64_TO_32_BIT_CONVERSION = YES;
				GCC_WARN_ABOUT_RETURN_TYPE = YES_ERROR;
				GCC_WARN_UNDECLARED_SELECTOR = YES;
				GCC_WARN_UNINITIALIZED_AUTOS = YES_AGGRESSIVE;
				GCC_WARN_UNUSED_FUNCTION = YES;
				GCC_WARN_UNUSED_VARIABLE = YES;
				IPHONEOS_DEPLOYMENT_TARGET = 11.2;
				MTL_ENABLE_DEBUG_INFO = NO;
				SDKROOT = iphoneos;
				SWIFT_OPTIMIZATION_LEVEL = "-Owholemodule";
				VALIDATE_PRODUCT = YES;
			};
			name = Release;
		};
		076D0EDB20141289001B4DD6 /* Debug */ = {
			isa = XCBuildConfiguration;
			buildSettings = {
				ASSETCATALOG_COMPILER_COMPLICATION_NAME = Complication;
				CODE_SIGN_STYLE = Automatic;
				DEVELOPMENT_TEAM = M3YE8Y5432;
				INFOPLIST_FILE = "accounts.ios WatchKit Extension/Info.plist";
				LD_RUNPATH_SEARCH_PATHS = "$(inherited) @executable_path/Frameworks @executable_path/../../Frameworks";
				PRODUCT_BUNDLE_IDENTIFIER = "net.rockydesk.nl.accounts-ios.watchkitapp.watchkitextension";
				PRODUCT_NAME = "${TARGET_NAME}";
				SDKROOT = watchos;
				SKIP_INSTALL = YES;
				SWIFT_VERSION = 4.0;
				TARGETED_DEVICE_FAMILY = 4;
				WATCHOS_DEPLOYMENT_TARGET = 4.2;
			};
			name = Debug;
		};
		076D0EDC20141289001B4DD6 /* Release */ = {
			isa = XCBuildConfiguration;
			buildSettings = {
				ASSETCATALOG_COMPILER_COMPLICATION_NAME = Complication;
				CODE_SIGN_STYLE = Automatic;
				DEVELOPMENT_TEAM = M3YE8Y5432;
				INFOPLIST_FILE = "accounts.ios WatchKit Extension/Info.plist";
				LD_RUNPATH_SEARCH_PATHS = "$(inherited) @executable_path/Frameworks @executable_path/../../Frameworks";
				PRODUCT_BUNDLE_IDENTIFIER = "net.rockydesk.nl.accounts-ios.watchkitapp.watchkitextension";
				PRODUCT_NAME = "${TARGET_NAME}";
				SDKROOT = watchos;
				SKIP_INSTALL = YES;
				SWIFT_VERSION = 4.0;
				TARGETED_DEVICE_FAMILY = 4;
				WATCHOS_DEPLOYMENT_TARGET = 4.2;
			};
			name = Release;
		};
		076D0EDF20141289001B4DD6 /* Debug */ = {
			isa = XCBuildConfiguration;
			buildSettings = {
				ALWAYS_EMBED_SWIFT_STANDARD_LIBRARIES = YES;
				ASSETCATALOG_COMPILER_APPICON_NAME = AppIcon;
				CODE_SIGN_STYLE = Automatic;
				DEVELOPMENT_TEAM = M3YE8Y5432;
				IBSC_MODULE = accounts_ios_WatchKit_Extension;
				INFOPLIST_FILE = "accounts.ios WatchKit App/Info.plist";
				PRODUCT_BUNDLE_IDENTIFIER = "net.rockydesk.nl.accounts-ios.watchkitapp";
				PRODUCT_NAME = "$(TARGET_NAME)";
				SDKROOT = watchos;
				SKIP_INSTALL = YES;
				SWIFT_VERSION = 4.0;
				TARGETED_DEVICE_FAMILY = 4;
				WATCHOS_DEPLOYMENT_TARGET = 4.2;
			};
			name = Debug;
		};
		076D0EE020141289001B4DD6 /* Release */ = {
			isa = XCBuildConfiguration;
			buildSettings = {
				ALWAYS_EMBED_SWIFT_STANDARD_LIBRARIES = YES;
				ASSETCATALOG_COMPILER_APPICON_NAME = AppIcon;
				CODE_SIGN_STYLE = Automatic;
				DEVELOPMENT_TEAM = M3YE8Y5432;
				IBSC_MODULE = accounts_ios_WatchKit_Extension;
				INFOPLIST_FILE = "accounts.ios WatchKit App/Info.plist";
				PRODUCT_BUNDLE_IDENTIFIER = "net.rockydesk.nl.accounts-ios.watchkitapp";
				PRODUCT_NAME = "$(TARGET_NAME)";
				SDKROOT = watchos;
				SKIP_INSTALL = YES;
				SWIFT_VERSION = 4.0;
				TARGETED_DEVICE_FAMILY = 4;
				WATCHOS_DEPLOYMENT_TARGET = 4.2;
			};
			name = Release;
		};
		076D0EE320141289001B4DD6 /* Debug */ = {
			isa = XCBuildConfiguration;
			buildSettings = {
				ALWAYS_EMBED_SWIFT_STANDARD_LIBRARIES = YES;
				ASSETCATALOG_COMPILER_APPICON_NAME = AppIcon;
				CODE_SIGN_STYLE = Automatic;
				DEVELOPMENT_TEAM = M3YE8Y5432;
				INFOPLIST_FILE = accounts.ios/Info.plist;
				LD_RUNPATH_SEARCH_PATHS = "$(inherited) @executable_path/Frameworks";
				PRODUCT_BUNDLE_IDENTIFIER = "net.rockydesk.nl.accounts-ios";
				PRODUCT_NAME = "$(TARGET_NAME)";
				SWIFT_VERSION = 4.0;
				TARGETED_DEVICE_FAMILY = "1,2";
			};
			name = Debug;
		};
		076D0EE420141289001B4DD6 /* Release */ = {
			isa = XCBuildConfiguration;
			buildSettings = {
				ALWAYS_EMBED_SWIFT_STANDARD_LIBRARIES = YES;
				ASSETCATALOG_COMPILER_APPICON_NAME = AppIcon;
				CODE_SIGN_STYLE = Automatic;
				DEVELOPMENT_TEAM = M3YE8Y5432;
				INFOPLIST_FILE = accounts.ios/Info.plist;
				LD_RUNPATH_SEARCH_PATHS = "$(inherited) @executable_path/Frameworks";
				PRODUCT_BUNDLE_IDENTIFIER = "net.rockydesk.nl.accounts-ios";
				PRODUCT_NAME = "$(TARGET_NAME)";
				SWIFT_VERSION = 4.0;
				TARGETED_DEVICE_FAMILY = "1,2";
			};
			name = Release;
		};
		076D0EE620141289001B4DD6 /* Debug */ = {
			isa = XCBuildConfiguration;
			buildSettings = {
				ALWAYS_EMBED_SWIFT_STANDARD_LIBRARIES = YES;
				BUNDLE_LOADER = "$(TEST_HOST)";
				CODE_SIGN_STYLE = Automatic;
				DEVELOPMENT_TEAM = M3YE8Y5432;
				INFOPLIST_FILE = accounts.iosTests/Info.plist;
				LD_RUNPATH_SEARCH_PATHS = "$(inherited) @executable_path/Frameworks @loader_path/Frameworks";
				PRODUCT_BUNDLE_IDENTIFIER = "net.rockydesk.nl.accounts-iosTests";
				PRODUCT_NAME = "$(TARGET_NAME)";
				SWIFT_VERSION = 4.0;
				TARGETED_DEVICE_FAMILY = "1,2";
				TEST_HOST = "$(BUILT_PRODUCTS_DIR)/accounts.ios.app/accounts.ios";
			};
			name = Debug;
		};
		076D0EE720141289001B4DD6 /* Release */ = {
			isa = XCBuildConfiguration;
			buildSettings = {
				ALWAYS_EMBED_SWIFT_STANDARD_LIBRARIES = YES;
				BUNDLE_LOADER = "$(TEST_HOST)";
				CODE_SIGN_STYLE = Automatic;
				DEVELOPMENT_TEAM = M3YE8Y5432;
				INFOPLIST_FILE = accounts.iosTests/Info.plist;
				LD_RUNPATH_SEARCH_PATHS = "$(inherited) @executable_path/Frameworks @loader_path/Frameworks";
				PRODUCT_BUNDLE_IDENTIFIER = "net.rockydesk.nl.accounts-iosTests";
				PRODUCT_NAME = "$(TARGET_NAME)";
				SWIFT_VERSION = 4.0;
				TARGETED_DEVICE_FAMILY = "1,2";
				TEST_HOST = "$(BUILT_PRODUCTS_DIR)/accounts.ios.app/accounts.ios";
			};
			name = Release;
		};
		076D0EE920141289001B4DD6 /* Debug */ = {
			isa = XCBuildConfiguration;
			buildSettings = {
				ALWAYS_EMBED_SWIFT_STANDARD_LIBRARIES = YES;
				CODE_SIGN_STYLE = Automatic;
				DEVELOPMENT_TEAM = M3YE8Y5432;
				INFOPLIST_FILE = accounts.iosUITests/Info.plist;
				LD_RUNPATH_SEARCH_PATHS = "$(inherited) @executable_path/Frameworks @loader_path/Frameworks";
				PRODUCT_BUNDLE_IDENTIFIER = "net.rockydesk.nl.accounts-iosUITests";
				PRODUCT_NAME = "$(TARGET_NAME)";
				SWIFT_VERSION = 4.0;
				TARGETED_DEVICE_FAMILY = "1,2";
				TEST_TARGET_NAME = accounts.ios;
			};
			name = Debug;
		};
		076D0EEA20141289001B4DD6 /* Release */ = {
			isa = XCBuildConfiguration;
			buildSettings = {
				ALWAYS_EMBED_SWIFT_STANDARD_LIBRARIES = YES;
				CODE_SIGN_STYLE = Automatic;
				DEVELOPMENT_TEAM = M3YE8Y5432;
				INFOPLIST_FILE = accounts.iosUITests/Info.plist;
				LD_RUNPATH_SEARCH_PATHS = "$(inherited) @executable_path/Frameworks @loader_path/Frameworks";
				PRODUCT_BUNDLE_IDENTIFIER = "net.rockydesk.nl.accounts-iosUITests";
				PRODUCT_NAME = "$(TARGET_NAME)";
				SWIFT_VERSION = 4.0;
				TARGETED_DEVICE_FAMILY = "1,2";
				TEST_TARGET_NAME = accounts.ios;
			};
			name = Release;
		};
		079CF0832014197200B61E69 /* Debug */ = {
			isa = XCBuildConfiguration;
			buildSettings = {
				CODE_SIGN_STYLE = Automatic;
				DEVELOPMENT_TEAM = M3YE8Y5432;
				INFOPLIST_FILE = accounts.ios.todayextension/Info.plist;
				LD_RUNPATH_SEARCH_PATHS = "$(inherited) @executable_path/Frameworks @executable_path/../../Frameworks";
				PRODUCT_BUNDLE_IDENTIFIER = "net.rockydesk.nl.accounts-ios.accounts-ios-todayextension";
				PRODUCT_NAME = "$(TARGET_NAME)";
				SKIP_INSTALL = YES;
				SWIFT_VERSION = 4.0;
				TARGETED_DEVICE_FAMILY = "1,2";
			};
			name = Debug;
		};
		079CF0842014197200B61E69 /* Release */ = {
			isa = XCBuildConfiguration;
			buildSettings = {
				CODE_SIGN_STYLE = Automatic;
				DEVELOPMENT_TEAM = M3YE8Y5432;
				INFOPLIST_FILE = accounts.ios.todayextension/Info.plist;
				LD_RUNPATH_SEARCH_PATHS = "$(inherited) @executable_path/Frameworks @executable_path/../../Frameworks";
				PRODUCT_BUNDLE_IDENTIFIER = "net.rockydesk.nl.accounts-ios.accounts-ios-todayextension";
				PRODUCT_NAME = "$(TARGET_NAME)";
				SKIP_INSTALL = YES;
				SWIFT_VERSION = 4.0;
				TARGETED_DEVICE_FAMILY = "1,2";
			};
			name = Release;
		};
/* End XCBuildConfiguration section */

/* Begin XCConfigurationList section */
		076D0E8D20141288001B4DD6 /* Build configuration list for PBXProject "accounts.ios" */ = {
			isa = XCConfigurationList;
			buildConfigurations = (
				076D0ED820141289001B4DD6 /* Debug */,
				076D0ED920141289001B4DD6 /* Release */,
			);
			defaultConfigurationIsVisible = 0;
			defaultConfigurationName = Release;
		};
		076D0EDA20141289001B4DD6 /* Build configuration list for PBXNativeTarget "accounts.ios WatchKit Extension" */ = {
			isa = XCConfigurationList;
			buildConfigurations = (
				076D0EDB20141289001B4DD6 /* Debug */,
				076D0EDC20141289001B4DD6 /* Release */,
			);
			defaultConfigurationIsVisible = 0;
			defaultConfigurationName = Release;
		};
		076D0EDE20141289001B4DD6 /* Build configuration list for PBXNativeTarget "accounts.ios WatchKit App" */ = {
			isa = XCConfigurationList;
			buildConfigurations = (
				076D0EDF20141289001B4DD6 /* Debug */,
				076D0EE020141289001B4DD6 /* Release */,
			);
			defaultConfigurationIsVisible = 0;
			defaultConfigurationName = Release;
		};
		076D0EE220141289001B4DD6 /* Build configuration list for PBXNativeTarget "accounts.ios" */ = {
			isa = XCConfigurationList;
			buildConfigurations = (
				076D0EE320141289001B4DD6 /* Debug */,
				076D0EE420141289001B4DD6 /* Release */,
			);
			defaultConfigurationIsVisible = 0;
			defaultConfigurationName = Release;
		};
		076D0EE520141289001B4DD6 /* Build configuration list for PBXNativeTarget "accounts.iosTests" */ = {
			isa = XCConfigurationList;
			buildConfigurations = (
				076D0EE620141289001B4DD6 /* Debug */,
				076D0EE720141289001B4DD6 /* Release */,
			);
			defaultConfigurationIsVisible = 0;
			defaultConfigurationName = Release;
		};
		076D0EE820141289001B4DD6 /* Build configuration list for PBXNativeTarget "accounts.iosUITests" */ = {
			isa = XCConfigurationList;
			buildConfigurations = (
				076D0EE920141289001B4DD6 /* Debug */,
				076D0EEA20141289001B4DD6 /* Release */,
			);
			defaultConfigurationIsVisible = 0;
			defaultConfigurationName = Release;
		};
		079CF0852014197200B61E69 /* Build configuration list for PBXNativeTarget "accounts.ios.todayextension" */ = {
			isa = XCConfigurationList;
			buildConfigurations = (
				079CF0832014197200B61E69 /* Debug */,
				079CF0842014197200B61E69 /* Release */,
			);
			defaultConfigurationIsVisible = 0;
			defaultConfigurationName = Release;
		};
/* End XCConfigurationList section */
	};
	rootObject = 076D0E8A20141288001B4DD6 /* Project object */;
}
